
Microsoft Visual Studio Solution File, Format Version 12.00
# Visual Studio Version 17
VisualStudioVersion = 17.0.32126.317
MinimumVisualStudioVersion = 10.0.40219.1
Project("{FAE04EC0-301F-11D3-BF4B-00C04F79EFBC}") = "NotaliaOnline", "NotaliaOnline.csproj", "{649A64FD-CBF5-4BAA-861F-5AC5657136F6}"
EndProject
Global
	GlobalSection(SolutionConfigurationPlatforms) = preSolution
		Debug|Any CPU = Debug|Any CPU
		Release|Any CPU = Release|Any CPU
	EndGlobalSection
	GlobalSection(ProjectConfigurationPlatforms) = postSolution
		{649A64FD-CBF5-4BAA-861F-5AC5657136F6}.Debug|Any CPU.ActiveCfg = Debug|Any CPU
		{649A64FD-CBF5-4BAA-861F-5AC5657136F6}.Debug|Any CPU.Build.0 = Debug|Any CPU
		{649A64FD-CBF5-4BAA-861F-5AC5657136F6}.Release|Any CPU.ActiveCfg = Release|Any CPU
		{649A64FD-CBF5-4BAA-861F-5AC5657136F6}.Release|Any CPU.Build.0 = Release|Any CPU
	EndGlobalSection
	GlobalSection(SolutionProperties) = preSolution
		HideSolutionNode = FALSE
	EndGlobalSection
	GlobalSection(ExtensibilityGlobals) = postSolution
		SolutionGuid = {92ED03E8-D969-43C3-A4CB-2BF0DC981998}
	EndGlobalSection
EndGlobal
